
Microsoft Visual Studio Solution File, Format Version 12.00
# Visual Studio Version 16
VisualStudioVersion = 16.0.30621.155
MinimumVisualStudioVersion = 10.0.40219.1
Project("{FAE04EC0-301F-11D3-BF4B-00C04F79EFBC}") = "LauncherBDO", "LauncherBDO\LauncherBDO.csproj", "{7B44C77D-53C0-4E9E-B524-D01CF33E8FC3}"
EndProject
Global
	GlobalSection(SolutionConfigurationPlatforms) = preSolution
		Debug|Any CPU = Debug|Any CPU
		Release|Any CPU = Release|Any CPU
	EndGlobalSection
	GlobalSection(ProjectConfigurationPlatforms) = postSolution
		{7B44C77D-53C0-4E9E-B524-D01CF33E8FC3}.Debug|Any CPU.ActiveCfg = Debug|Any CPU
		{7B44C77D-53C0-4E9E-B524-D01CF33E8FC3}.Debug|Any CPU.Build.0 = Debug|Any CPU
		{7B44C77D-53C0-4E9E-B524-D01CF33E8FC3}.Release|Any CPU.ActiveCfg = Release|Any CPU
		{7B44C77D-53C0-4E9E-B524-D01CF33E8FC3}.Release|Any CPU.Build.0 = Release|Any CPU
	EndGlobalSection
	GlobalSection(SolutionProperties) = preSolution
		HideSolutionNode = FALSE
	EndGlobalSection
	GlobalSection(ExtensibilityGlobals) = postSolution
		SolutionGuid = {815C0F56-9DF0-4B20-B97F-2B5937218D70}
	EndGlobalSection
EndGlobal
